
Microsoft Visual Studio Solution File, Format Version 12.00
Project("{2150E333-8FDC-42A3-9474-1A3956D46DE8}") = "Server", "Server", "{1E7D9CCE-EFEC-4B54-A43F-5A15F6003FC3}"
EndProject
Project("{FAE04EC0-301F-11D3-BF4B-00C04F79EFBC}") = "Entities", "Server\Entities\Entities.csproj", "{E8927AB7-68B4-4BA5-B4A6-03088B4B59C8}"
EndProject
Project("{FAE04EC0-301F-11D3-BF4B-00C04F79EFBC}") = "RepositoryContracts", "Server\RepositoryContracts\RepositoryContracts.csproj", "{6DD360C6-9FD2-489F-A76C-01766F6D9071}"
EndProject
Project("{FAE04EC0-301F-11D3-BF4B-00C04F79EFBC}") = "InMemoryRepositories", "Server\InMemoryRepositories\InMemoryRepositories.csproj", "{F9021ADD-FCAC-43F7-AEF8-4DBCB546500E}"
EndProject
Global
	GlobalSection(SolutionConfigurationPlatforms) = preSolution
		Debug|Any CPU = Debug|Any CPU
		Release|Any CPU = Release|Any CPU
	EndGlobalSection
	GlobalSection(NestedProjects) = preSolution
		{E8927AB7-68B4-4BA5-B4A6-03088B4B59C8} = {1E7D9CCE-EFEC-4B54-A43F-5A15F6003FC3}
		{6DD360C6-9FD2-489F-A76C-01766F6D9071} = {1E7D9CCE-EFEC-4B54-A43F-5A15F6003FC3}
		{F9021ADD-FCAC-43F7-AEF8-4DBCB546500E} = {1E7D9CCE-EFEC-4B54-A43F-5A15F6003FC3}
	EndGlobalSection
	GlobalSection(ProjectConfigurationPlatforms) = postSolution
		{E8927AB7-68B4-4BA5-B4A6-03088B4B59C8}.Debug|Any CPU.ActiveCfg = Debug|Any CPU
		{E8927AB7-68B4-4BA5-B4A6-03088B4B59C8}.Debug|Any CPU.Build.0 = Debug|Any CPU
		{E8927AB7-68B4-4BA5-B4A6-03088B4B59C8}.Release|Any CPU.ActiveCfg = Release|Any CPU
		{E8927AB7-68B4-4BA5-B4A6-03088B4B59C8}.Release|Any CPU.Build.0 = Release|Any CPU
		{6DD360C6-9FD2-489F-A76C-01766F6D9071}.Debug|Any CPU.ActiveCfg = Debug|Any CPU
		{6DD360C6-9FD2-489F-A76C-01766F6D9071}.Debug|Any CPU.Build.0 = Debug|Any CPU
		{6DD360C6-9FD2-489F-A76C-01766F6D9071}.Release|Any CPU.ActiveCfg = Release|Any CPU
		{6DD360C6-9FD2-489F-A76C-01766F6D9071}.Release|Any CPU.Build.0 = Release|Any CPU
		{F9021ADD-FCAC-43F7-AEF8-4DBCB546500E}.Debug|Any CPU.ActiveCfg = Debug|Any CPU
		{F9021ADD-FCAC-43F7-AEF8-4DBCB546500E}.Debug|Any CPU.Build.0 = Debug|Any CPU
		{F9021ADD-FCAC-43F7-AEF8-4DBCB546500E}.Release|Any CPU.ActiveCfg = Release|Any CPU
		{F9021ADD-FCAC-43F7-AEF8-4DBCB546500E}.Release|Any CPU.Build.0 = Release|Any CPU
	EndGlobalSection
EndGlobal
